
Microsoft Visual Studio Solution File, Format Version 12.00
# Visual Studio Version 16
VisualStudioVersion = 16.0.30204.135
MinimumVisualStudioVersion = 10.0.40219.1
Project("{FAE04EC0-301F-11D3-BF4B-00C04F79EFBC}") = "RestTemplate", "RestTemplate\RestTemplate.csproj", "{10D1178F-B791-4FC8-96FA-51267EE25310}"
EndProject
Global
	GlobalSection(SolutionConfigurationPlatforms) = preSolution
		Debug|Any CPU = Debug|Any CPU
		Release|Any CPU = Release|Any CPU
	EndGlobalSection
	GlobalSection(ProjectConfigurationPlatforms) = postSolution
		{10D1178F-B791-4FC8-96FA-51267EE25310}.Debug|Any CPU.ActiveCfg = Debug|Any CPU
		{10D1178F-B791-4FC8-96FA-51267EE25310}.Debug|Any CPU.Build.0 = Debug|Any CPU
		{10D1178F-B791-4FC8-96FA-51267EE25310}.Release|Any CPU.ActiveCfg = Release|Any CPU
		{10D1178F-B791-4FC8-96FA-51267EE25310}.Release|Any CPU.Build.0 = Release|Any CPU
	EndGlobalSection
	GlobalSection(SolutionProperties) = preSolution
		HideSolutionNode = FALSE
	EndGlobalSection
	GlobalSection(ExtensibilityGlobals) = postSolution
		SolutionGuid = {674B8D62-82DD-492B-8763-A94BFD445F83}
	EndGlobalSection
EndGlobal
